
Microsoft Visual Studio Solution File, Format Version 12.00
# Visual Studio 15
VisualStudioVersion = 15.0.28010.2036
MinimumVisualStudioVersion = 10.0.40219.1
Project("{FAE04EC0-301F-11D3-BF4B-00C04F79EFBC}") = "MvcEfCore", "MvcEfCore\MvcEfCore.csproj", "{9FC7062F-B5A0-400B-A8CA-0A60F1BD1275}"
EndProject
Global
	GlobalSection(SolutionConfigurationPlatforms) = preSolution
		Debug|Any CPU = Debug|Any CPU
		Release|Any CPU = Release|Any CPU
	EndGlobalSection
	GlobalSection(ProjectConfigurationPlatforms) = postSolution
		{9FC7062F-B5A0-400B-A8CA-0A60F1BD1275}.Debug|Any CPU.ActiveCfg = Debug|Any CPU
		{9FC7062F-B5A0-400B-A8CA-0A60F1BD1275}.Debug|Any CPU.Build.0 = Debug|Any CPU
		{9FC7062F-B5A0-400B-A8CA-0A60F1BD1275}.Release|Any CPU.ActiveCfg = Release|Any CPU
		{9FC7062F-B5A0-400B-A8CA-0A60F1BD1275}.Release|Any CPU.Build.0 = Release|Any CPU
	EndGlobalSection
	GlobalSection(SolutionProperties) = preSolution
		HideSolutionNode = FALSE
	EndGlobalSection
	GlobalSection(ExtensibilityGlobals) = postSolution
		SolutionGuid = {C81CC22A-5F1B-4214-BCDC-A2FE7E268397}
	EndGlobalSection
EndGlobal
